{
  "name": "dustinnewman.github.io",
  "version": "2.0.0",
  "lockfileVersion": 3,
  "requires": true,
  "packages": {
    "": {
      "name": "dustinnewman.github.io",
      "version": "2.0.0",
      "dependencies": {
        "mark-lang": "github:dustinnewman/mark"
      }
    },
    "node_modules/commander": {
      "version": "8.3.0",
      "resolved": "https://registry.npmjs.org/commander/-/commander-8.3.0.tgz",
      "integrity": "sha512-OkTL9umf+He2DZkUq8f8J9of7yL6RJKI24dVITBmNfZBmri9zYZQrKkuXiKhyfPSu8tUhnVBB1iKXevvnlR4Ww==",
      "license": "MIT",
      "engines": {
        "node": ">= 12"
      }
    },
    "node_modules/katex": {
      "version": "0.16.47",
      "resolved": "https://registry.npmjs.org/katex/-/katex-0.16.47.tgz",
      "integrity": "sha512-Eeo8Ys1doU1z+x8AZsPpQu+p/QcZBI5PeOo7QGQdy2x2m0MU/hYagBbGOmXwr5KVbEfVuWv9LpnQWeehogurjg==",
      "funding": [
        "https://opencollective.com/katex",
        "https://github.com/sponsors/katex"
      ],
      "license": "MIT",
      "dependencies": {
        "commander": "^8.3.0"
      },
      "bin": {
        "katex": "cli.js"
      }
    },
    "node_modules/mark-lang": {
      "version": "0.1.0",
      "resolved": "git+ssh://git@github.com/dustinnewman/mark.git#c86ee69f888224a04e74b3ef8c26d6281705d07c",
      "dependencies": {
        "katex": "^0.16.11"
      },
      "bin": {
        "mark": "bin/mark.js"
      },
      "engines": {
        "node": ">=22.6"
      }
    }
  }
}
